
Microsoft Visual Studio Solution File, Format Version 12.00
# Visual Studio Version 17
VisualStudioVersion = 17.3.32804.467
MinimumVisualStudioVersion = 10.0.40219.1
Project("{FAE04EC0-301F-11D3-BF4B-00C04F79EFBC}") = "ASMNhom3", "ASMNhom3\ASMNhom3.csproj", "{45447B4C-9E95-4BB4-9CDC-A902B1DAAAAC}"
EndProject
Global
	GlobalSection(SolutionConfigurationPlatforms) = preSolution
		Debug|Any CPU = Debug|Any CPU
		Release|Any CPU = Release|Any CPU
	EndGlobalSection
	GlobalSection(ProjectConfigurationPlatforms) = postSolution
		{45447B4C-9E95-4BB4-9CDC-A902B1DAAAAC}.Debug|Any CPU.ActiveCfg = Debug|Any CPU
		{45447B4C-9E95-4BB4-9CDC-A902B1DAAAAC}.Debug|Any CPU.Build.0 = Debug|Any CPU
		{45447B4C-9E95-4BB4-9CDC-A902B1DAAAAC}.Release|Any CPU.ActiveCfg = Release|Any CPU
		{45447B4C-9E95-4BB4-9CDC-A902B1DAAAAC}.Release|Any CPU.Build.0 = Release|Any CPU
	EndGlobalSection
	GlobalSection(SolutionProperties) = preSolution
		HideSolutionNode = FALSE
	EndGlobalSection
	GlobalSection(ExtensibilityGlobals) = postSolution
		SolutionGuid = {629A6E77-BA48-4AFF-A564-D82791B35912}
	EndGlobalSection
EndGlobal
